
Microsoft Visual Studio Solution File, Format Version 12.00
Project("{FAE04EC0-301F-11D3-BF4B-00C04F79EFBC}") = "AddCode.Studying.Services", "AddCode.Studying.Services\AddCode.Studying.Services.csproj", "{AE626E74-69C7-4818-966A-6A9CAA1CDC4E}"
EndProject
Project("{FAE04EC0-301F-11D3-BF4B-00C04F79EFBC}") = "AddCode.Studying.App", "AddCode.Studying.App\AddCode.Studying.App.csproj", "{C32DCF92-1556-4435-8F6B-D7FF3FCDB729}"
EndProject
Project("{FAE04EC0-301F-11D3-BF4B-00C04F79EFBC}") = "AddCode.Studying.Web", "AddCode.Studying.Web\AddCode.Studying.Web.csproj", "{E543FEF5-1D46-4493-A722-3D0D0353D074}"
EndProject
Global
	GlobalSection(SolutionConfigurationPlatforms) = preSolution
		Debug|Any CPU = Debug|Any CPU
		Release|Any CPU = Release|Any CPU
	EndGlobalSection
	GlobalSection(ProjectConfigurationPlatforms) = postSolution
		{AE626E74-69C7-4818-966A-6A9CAA1CDC4E}.Debug|Any CPU.ActiveCfg = Debug|Any CPU
		{AE626E74-69C7-4818-966A-6A9CAA1CDC4E}.Debug|Any CPU.Build.0 = Debug|Any CPU
		{AE626E74-69C7-4818-966A-6A9CAA1CDC4E}.Release|Any CPU.ActiveCfg = Release|Any CPU
		{AE626E74-69C7-4818-966A-6A9CAA1CDC4E}.Release|Any CPU.Build.0 = Release|Any CPU
		{C32DCF92-1556-4435-8F6B-D7FF3FCDB729}.Debug|Any CPU.ActiveCfg = Debug|Any CPU
		{C32DCF92-1556-4435-8F6B-D7FF3FCDB729}.Debug|Any CPU.Build.0 = Debug|Any CPU
		{C32DCF92-1556-4435-8F6B-D7FF3FCDB729}.Release|Any CPU.ActiveCfg = Release|Any CPU
		{C32DCF92-1556-4435-8F6B-D7FF3FCDB729}.Release|Any CPU.Build.0 = Release|Any CPU
		{E543FEF5-1D46-4493-A722-3D0D0353D074}.Debug|Any CPU.ActiveCfg = Debug|Any CPU
		{E543FEF5-1D46-4493-A722-3D0D0353D074}.Debug|Any CPU.Build.0 = Debug|Any CPU
		{E543FEF5-1D46-4493-A722-3D0D0353D074}.Release|Any CPU.ActiveCfg = Release|Any CPU
		{E543FEF5-1D46-4493-A722-3D0D0353D074}.Release|Any CPU.Build.0 = Release|Any CPU
	EndGlobalSection
EndGlobal
